
Microsoft Visual Studio Solution File, Format Version 12.00
# Visual Studio 15
VisualStudioVersion = 15.0.27130.2027
MinimumVisualStudioVersion = 10.0.40219.1
Project("{FAE04EC0-301F-11D3-BF4B-00C04F79EFBC}") = "DemoMVVMAprendices.Android", "DemoMVVMAprendices\DemoMVVMAprendices.Android\DemoMVVMAprendices.Android.csproj", "{D6AA6F6E-8B39-43D6-B487-94B877F6B915}"
EndProject
Project("{FAE04EC0-301F-11D3-BF4B-00C04F79EFBC}") = "DemoMVVMAprendices.iOS", "DemoMVVMAprendices\DemoMVVMAprendices.iOS\DemoMVVMAprendices.iOS.csproj", "{8FD8FE05-2B78-4C5C-BCF3-C1841D91D868}"
EndProject
Project("{FAE04EC0-301F-11D3-BF4B-00C04F79EFBC}") = "DemoMVVMAprendices", "DemoMVVMAprendices\DemoMVVMAprendices\DemoMVVMAprendices.csproj", "{DC9757EA-577A-4C15-9A9A-931E227BA122}"
EndProject
Global
	GlobalSection(SolutionConfigurationPlatforms) = preSolution
		Ad-Hoc|Any CPU = Ad-Hoc|Any CPU
		Ad-Hoc|iPhone = Ad-Hoc|iPhone
		Ad-Hoc|iPhoneSimulator = Ad-Hoc|iPhoneSimulator
		AppStore|Any CPU = AppStore|Any CPU
		AppStore|iPhone = AppStore|iPhone
		AppStore|iPhoneSimulator = AppStore|iPhoneSimulator
		Debug|Any CPU = Debug|Any CPU
		Debug|iPhone = Debug|iPhone
		Debug|iPhoneSimulator = Debug|iPhoneSimulator
		Release|Any CPU = Release|Any CPU
		Release|iPhone = Release|iPhone
		Release|iPhoneSimulator = Release|iPhoneSimulator
	EndGlobalSection
	GlobalSection(ProjectConfigurationPlatforms) = postSolution
		{D6AA6F6E-8B39-43D6-B487-94B877F6B915}.Ad-Hoc|Any CPU.ActiveCfg = Release|Any CPU
		{D6AA6F6E-8B39-43D6-B487-94B877F6B915}.Ad-Hoc|Any CPU.Build.0 = Release|Any CPU
		{D6AA6F6E-8B39-43D6-B487-94B877F6B915}.Ad-Hoc|Any CPU.Deploy.0 = Release|Any CPU
		{D6AA6F6E-8B39-43D6-B487-94B877F6B915}.Ad-Hoc|iPhone.ActiveCfg = Release|Any CPU
		{D6AA6F6E-8B39-43D6-B487-94B877F6B915}.Ad-Hoc|iPhone.Build.0 = Release|Any CPU
		{D6AA6F6E-8B39-43D6-B487-94B877F6B915}.Ad-Hoc|iPhone.Deploy.0 = Release|Any CPU
		{D6AA6F6E-8B39-43D6-B487-94B877F6B915}.Ad-Hoc|iPhoneSimulator.ActiveCfg = Release|Any CPU
		{D6AA6F6E-8B39-43D6-B487-94B877F6B915}.Ad-Hoc|iPhoneSimulator.Build.0 = Release|Any CPU
		{D6AA6F6E-8B39-43D6-B487-94B877F6B915}.Ad-Hoc|iPhoneSimulator.Deploy.0 = Release|Any CPU
		{D6AA6F6E-8B39-43D6-B487-94B877F6B915}.AppStore|Any CPU.ActiveCfg = Release|Any CPU
		{D6AA6F6E-8B39-43D6-B487-94B877F6B915}.AppStore|Any CPU.Build.0 = Release|Any CPU
		{D6AA6F6E-8B39-43D6-B487-94B877F6B915}.AppStore|Any CPU.Deploy.0 = Release|Any CPU
		{D6AA6F6E-8B39-43D6-B487-94B877F6B915}.AppStore|iPhone.ActiveCfg = Release|Any CPU
		{D6AA6F6E-8B39-43D6-B487-94B877F6B915}.AppStore|iPhone.Build.0 = Release|Any CPU
		{D6AA6F6E-8B39-43D6-B487-94B877F6B915}.AppStore|iPhone.Deploy.0 = Release|Any CPU
		{D6AA6F6E-8B39-43D6-B487-94B877F6B915}.AppStore|iPhoneSimulator.ActiveCfg = Release|Any CPU
		{D6AA6F6E-8B39-43D6-B487-94B877F6B915}.AppStore|iPhoneSimulator.Build.0 = Release|Any CPU
		{D6AA6F6E-8B39-43D6-B487-94B877F6B915}.AppStore|iPhoneSimulator.Deploy.0 = Release|Any CPU
		{D6AA6F6E-8B39-43D6-B487-94B877F6B915}.Debug|Any CPU.ActiveCfg = Debug|Any CPU
		{D6AA6F6E-8B39-43D6-B487-94B877F6B915}.Debug|Any CPU.Build.0 = Debug|Any CPU
		{D6AA6F6E-8B39-43D6-B487-94B877F6B915}.Debug|Any CPU.Deploy.0 = Debug|Any CPU
		{D6AA6F6E-8B39-43D6-B487-94B877F6B915}.Debug|iPhone.ActiveCfg = Debug|Any CPU
		{D6AA6F6E-8B39-43D6-B487-94B877F6B915}.Debug|iPhone.Build.0 = Debug|Any CPU
		{D6AA6F6E-8B39-43D6-B487-94B877F6B915}.Debug|iPhone.Deploy.0 = Debug|Any CPU
		{D6AA6F6E-8B39-43D6-B487-94B877F6B915}.Debug|iPhoneSimulator.ActiveCfg = Debug|Any CPU
		{D6AA6F6E-8B39-43D6-B487-94B877F6B915}.Debug|iPhoneSimulator.Build.0 = Debug|Any CPU
		{D6AA6F6E-8B39-43D6-B487-94B877F6B915}.Debug|iPhoneSimulator.Deploy.0 = Debug|Any CPU
		{D6AA6F6E-8B39-43D6-B487-94B877F6B915}.Release|Any CPU.ActiveCfg = Release|Any CPU
		{D6AA6F6E-8B39-43D6-B487-94B877F6B915}.Release|Any CPU.Build.0 = Release|Any CPU
		{D6AA6F6E-8B39-43D6-B487-94B877F6B915}.Release|Any CPU.Deploy.0 = Release|Any CPU
		{D6AA6F6E-8B39-43D6-B487-94B877F6B915}.Release|iPhone.ActiveCfg = Release|Any CPU
		{D6AA6F6E-8B39-43D6-B487-94B877F6B915}.Release|iPhone.Build.0 = Release|Any CPU
		{D6AA6F6E-8B39-43D6-B487-94B877F6B915}.Release|iPhone.Deploy.0 = Release|Any CPU
		{D6AA6F6E-8B39-43D6-B487-94B877F6B915}.Release|iPhoneSimulator.ActiveCfg = Release|Any CPU
		{D6AA6F6E-8B39-43D6-B487-94B877F6B915}.Release|iPhoneSimulator.Build.0 = Release|Any CPU
		{D6AA6F6E-8B39-43D6-B487-94B877F6B915}.Release|iPhoneSimulator.Deploy.0 = Release|Any CPU
		{8FD8FE05-2B78-4C5C-BCF3-C1841D91D868}.Ad-Hoc|Any CPU.ActiveCfg = Ad-Hoc|iPhone
		{8FD8FE05-2B78-4C5C-BCF3-C1841D91D868}.Ad-Hoc|iPhone.ActiveCfg = Ad-Hoc|iPhone
		{8FD8FE05-2B78-4C5C-BCF3-C1841D91D868}.Ad-Hoc|iPhone.Build.0 = Ad-Hoc|iPhone
		{8FD8FE05-2B78-4C5C-BCF3-C1841D91D868}.Ad-Hoc|iPhoneSimulator.ActiveCfg = Ad-Hoc|iPhoneSimulator
		{8FD8FE05-2B78-4C5C-BCF3-C1841D91D868}.Ad-Hoc|iPhoneSimulator.Build.0 = Ad-Hoc|iPhoneSimulator
		{8FD8FE05-2B78-4C5C-BCF3-C1841D91D868}.AppStore|Any CPU.ActiveCfg = AppStore|iPhone
		{8FD8FE05-2B78-4C5C-BCF3-C1841D91D868}.AppStore|iPhone.ActiveCfg = AppStore|iPhone
		{8FD8FE05-2B78-4C5C-BCF3-C1841D91D868}.AppStore|iPhone.Build.0 = AppStore|iPhone
		{8FD8FE05-2B78-4C5C-BCF3-C1841D91D868}.AppStore|iPhoneSimulator.ActiveCfg = AppStore|iPhoneSimulator
		{8FD8FE05-2B78-4C5C-BCF3-C1841D91D868}.AppStore|iPhoneSimulator.Build.0 = AppStore|iPhoneSimulator
		{8FD8FE05-2B78-4C5C-BCF3-C1841D91D868}.Debug|Any CPU.ActiveCfg = Debug|iPhone
		{8FD8FE05-2B78-4C5C-BCF3-C1841D91D868}.Debug|iPhone.ActiveCfg = Debug|iPhone
		{8FD8FE05-2B78-4C5C-BCF3-C1841D91D868}.Debug|iPhone.Build.0 = Debug|iPhone
		{8FD8FE05-2B78-4C5C-BCF3-C1841D91D868}.Debug|iPhoneSimulator.ActiveCfg = Debug|iPhoneSimulator
		{8FD8FE05-2B78-4C5C-BCF3-C1841D91D868}.Debug|iPhoneSimulator.Build.0 = Debug|iPhoneSimulator
		{8FD8FE05-2B78-4C5C-BCF3-C1841D91D868}.Release|Any CPU.ActiveCfg = Release|iPhone
		{8FD8FE05-2B78-4C5C-BCF3-C1841D91D868}.Release|iPhone.ActiveCfg = Release|iPhone
		{8FD8FE05-2B78-4C5C-BCF3-C1841D91D868}.Release|iPhone.Build.0 = Release|iPhone
		{8FD8FE05-2B78-4C5C-BCF3-C1841D91D868}.Release|iPhoneSimulator.ActiveCfg = Release|iPhoneSimulator
		{8FD8FE05-2B78-4C5C-BCF3-C1841D91D868}.Release|iPhoneSimulator.Build.0 = Release|iPhoneSimulator
		{DC9757EA-577A-4C15-9A9A-931E227BA122}.Ad-Hoc|Any CPU.ActiveCfg = Debug|Any CPU
		{DC9757EA-577A-4C15-9A9A-931E227BA122}.Ad-Hoc|Any CPU.Build.0 = Debug|Any CPU
		{DC9757EA-577A-4C15-9A9A-931E227BA122}.Ad-Hoc|iPhone.ActiveCfg = Debug|Any CPU
		{DC9757EA-577A-4C15-9A9A-931E227BA122}.Ad-Hoc|iPhone.Build.0 = Debug|Any CPU
		{DC9757EA-577A-4C15-9A9A-931E227BA122}.Ad-Hoc|iPhoneSimulator.ActiveCfg = Debug|Any CPU
		{DC9757EA-577A-4C15-9A9A-931E227BA122}.Ad-Hoc|iPhoneSimulator.Build.0 = Debug|Any CPU
		{DC9757EA-577A-4C15-9A9A-931E227BA122}.AppStore|Any CPU.ActiveCfg = Debug|Any CPU
		{DC9757EA-577A-4C15-9A9A-931E227BA122}.AppStore|Any CPU.Build.0 = Debug|Any CPU
		{DC9757EA-577A-4C15-9A9A-931E227BA122}.AppStore|iPhone.ActiveCfg = Debug|Any CPU
		{DC9757EA-577A-4C15-9A9A-931E227BA122}.AppStore|iPhone.Build.0 = Debug|Any CPU
		{DC9757EA-577A-4C15-9A9A-931E227BA122}.AppStore|iPhoneSimulator.ActiveCfg = Debug|Any CPU
		{DC9757EA-577A-4C15-9A9A-931E227BA122}.AppStore|iPhoneSimulator.Build.0 = Debug|Any CPU
		{DC9757EA-577A-4C15-9A9A-931E227BA122}.Debug|Any CPU.ActiveCfg = Debug|Any CPU
		{DC9757EA-577A-4C15-9A9A-931E227BA122}.Debug|Any CPU.Build.0 = Debug|Any CPU
		{DC9757EA-577A-4C15-9A9A-931E227BA122}.Debug|iPhone.ActiveCfg = Debug|Any CPU
		{DC9757EA-577A-4C15-9A9A-931E227BA122}.Debug|iPhone.Build.0 = Debug|Any CPU
		{DC9757EA-577A-4C15-9A9A-931E227BA122}.Debug|iPhoneSimulator.ActiveCfg = Debug|Any CPU
		{DC9757EA-577A-4C15-9A9A-931E227BA122}.Debug|iPhoneSimulator.Build.0 = Debug|Any CPU
		{DC9757EA-577A-4C15-9A9A-931E227BA122}.Release|Any CPU.ActiveCfg = Release|Any CPU
		{DC9757EA-577A-4C15-9A9A-931E227BA122}.Release|Any CPU.Build.0 = Release|Any CPU
		{DC9757EA-577A-4C15-9A9A-931E227BA122}.Release|iPhone.ActiveCfg = Release|Any CPU
		{DC9757EA-577A-4C15-9A9A-931E227BA122}.Release|iPhone.Build.0 = Release|Any CPU
		{DC9757EA-577A-4C15-9A9A-931E227BA122}.Release|iPhoneSimulator.ActiveCfg = Release|Any CPU
		{DC9757EA-577A-4C15-9A9A-931E227BA122}.Release|iPhoneSimulator.Build.0 = Release|Any CPU
	EndGlobalSection
	GlobalSection(SolutionProperties) = preSolution
		HideSolutionNode = FALSE
	EndGlobalSection
	GlobalSection(ExtensibilityGlobals) = postSolution
		SolutionGuid = {BEE67B1D-AD50-4A62-9EA0-73BB65E4BEA7}
	EndGlobalSection
EndGlobal
